
Microsoft Visual Studio Solution File, Format Version 12.00
# Visual Studio Version 17
VisualStudioVersion = 17.7.34024.191
MinimumVisualStudioVersion = 10.0.40219.1
Project("{FAE04EC0-301F-11D3-BF4B-00C04F79EFBC}") = "WordPadWF", "WordPadWF\WordPadWF.csproj", "{8631CE35-78A0-4FC3-97EF-F7F6AF5049A8}"
EndProject
Global
	GlobalSection(SolutionConfigurationPlatforms) = preSolution
		Debug|Any CPU = Debug|Any CPU
		Release|Any CPU = Release|Any CPU
	EndGlobalSection
	GlobalSection(ProjectConfigurationPlatforms) = postSolution
		{8631CE35-78A0-4FC3-97EF-F7F6AF5049A8}.Debug|Any CPU.ActiveCfg = Debug|Any CPU
		{8631CE35-78A0-4FC3-97EF-F7F6AF5049A8}.Debug|Any CPU.Build.0 = Debug|Any CPU
		{8631CE35-78A0-4FC3-97EF-F7F6AF5049A8}.Release|Any CPU.ActiveCfg = Release|Any CPU
		{8631CE35-78A0-4FC3-97EF-F7F6AF5049A8}.Release|Any CPU.Build.0 = Release|Any CPU
	EndGlobalSection
	GlobalSection(SolutionProperties) = preSolution
		HideSolutionNode = FALSE
	EndGlobalSection
	GlobalSection(ExtensibilityGlobals) = postSolution
		SolutionGuid = {F98828E7-5610-40E6-AF0B-A2F624C494B6}
	EndGlobalSection
EndGlobal
